<?xml version="1.0" encoding="utf-8"?>
<Project ToolsVersion="4.0" xmlns="http://schemas.microsoft.com/developer/msbuild/2003">
  <ItemGroup>
    <Filter Include="Source Files">
      <UniqueIdentifier>{4FC737F1-C7A5-4376-A066-2A32D752A2FF}</UniqueIdentifier>
      <Extensions>cpp;cxx;c;def</Extensions>
    </Filter>
    <Filter Include="Header Files">
      <UniqueIdentifier>{93995380-89BD-4b04-88EB-625FBE52EBFB}</UniqueIdentifier>
      <Extensions>h</Extensions>
    </Filter>
    <Filter Include="Form Files">
      <UniqueIdentifier>{99349809-55BA-4b9d-BF79-8FDBB0286EB3}</UniqueIdentifier>
      <Extensions>ui</Extensions>
    </Filter>
    <Filter Include="Resource Files">
      <UniqueIdentifier>{D9D6E242-F8AF-46E4-B9FD-80ECBC20BA3E}</UniqueIdentifier>
      <Extensions>qrc;*</Extensions>
      <ParseFiles>false</ParseFiles>
    </Filter>
    <Filter Include="Generated Files">
      <UniqueIdentifier>{71ED8ED8-ACB9-4CE9-BBE1-E00B30144E11}</UniqueIdentifier>
      <Extensions>moc;h;cpp</Extensions>
      <SourceControlFiles>False</SourceControlFiles>
    </Filter>
    <Filter Include="Generated Files\Debug">
      <UniqueIdentifier>{2f4ab02d-4521-4e69-ad20-df9a28c8ef3a}</UniqueIdentifier>
      <Extensions>cpp;moc</Extensions>
      <SourceControlFiles>False</SourceControlFiles>
    </Filter>
    <Filter Include="Generated Files\Release">
      <UniqueIdentifier>{77128619-d965-495f-9bd7-9f45c0b135d3}</UniqueIdentifier>
      <Extensions>cpp;moc</Extensions>
      <SourceControlFiles>False</SourceControlFiles>
    </Filter>
    <Filter Include="Hope">
      <UniqueIdentifier>{402665ac-c527-4fca-a99c-4665ed8bb244}</UniqueIdentifier>
    </Filter>
    <Filter Include="Hope\Instrument">
      <UniqueIdentifier>{a659eed6-fd75-44e1-a078-b06108ba13df}</UniqueIdentifier>
    </Filter>
    <Filter Include="Hope\Instrument\Bell">
      <UniqueIdentifier>{5c137a3b-abcb-40e6-ba73-6508484fb2c1}</UniqueIdentifier>
    </Filter>
    <Filter Include="Hope\Instrument\Flute">
      <UniqueIdentifier>{4925a611-477a-4b8a-9d51-09dbed6b687a}</UniqueIdentifier>
    </Filter>
    <Filter Include="Hope\Instrument\Horn">
      <UniqueIdentifier>{d20322ed-b32d-4299-8865-a7de3fb80aaa}</UniqueIdentifier>
    </Filter>
    <Filter Include="Hope\Controller">
      <UniqueIdentifier>{81bc1640-e3d4-4e92-a0b0-caac2e3184dc}</UniqueIdentifier>
    </Filter>
    <Filter Include="Hope\Controller\On-Screen">
      <UniqueIdentifier>{906dc119-0a4f-42b4-962e-3be94c1523ec}</UniqueIdentifier>
    </Filter>
    <Filter Include="Hope\Music Player">
      <UniqueIdentifier>{a5300ec8-e512-4533-b3ad-f0e582af931a}</UniqueIdentifier>
    </Filter>
    <Filter Include="Hope\FileManager">
      <UniqueIdentifier>{82900998-6752-4ae2-b9b2-2ab3a0e5e32c}</UniqueIdentifier>
    </Filter>
  </ItemGroup>
  <ItemGroup>
    <ClCompile Include="stdafx.cpp">
      <Filter>Source Files</Filter>
    </ClCompile>
    <ClCompile Include="main.cpp">
      <Filter>Source Files</Filter>
    </ClCompile>
    <ClCompile Include="leaf.cpp">
      <Filter>Source Files</Filter>
    </ClCompile>
    <ClCompile Include="GeneratedFiles\Debug\moc_leaf.cpp">
      <Filter>Generated Files\Debug</Filter>
    </ClCompile>
    <ClCompile Include="GeneratedFiles\Release\moc_leaf.cpp">
      <Filter>Generated Files\Release</Filter>
    </ClCompile>
    <ClCompile Include="GeneratedFiles\qrc_leaf.cpp">
      <Filter>Generated Files</Filter>
    </ClCompile>
    <ClCompile Include="about.cpp">
      <Filter>Source Files</Filter>
    </ClCompile>
    <ClCompile Include="GeneratedFiles\Debug\moc_about.cpp">
      <Filter>Generated Files\Debug</Filter>
    </ClCompile>
    <ClCompile Include="GeneratedFiles\Release\moc_about.cpp">
      <Filter>Generated Files\Release</Filter>
    </ClCompile>
    <ClCompile Include="preference.cpp">
      <Filter>Source Files</Filter>
    </ClCompile>
    <ClCompile Include="GeneratedFiles\Debug\moc_preference.cpp">
      <Filter>Generated Files\Debug</Filter>
    </ClCompile>
    <ClCompile Include="GeneratedFiles\Release\moc_preference.cpp">
      <Filter>Generated Files\Release</Filter>
    </ClCompile>
    <ClCompile Include="Instrument.cpp">
      <Filter>Hope\Instrument</Filter>
    </ClCompile>
    <ClCompile Include="Bell.cpp">
      <Filter>Hope\Instrument\Bell</Filter>
    </ClCompile>
    <ClCompile Include="Flute.cpp">
      <Filter>Hope\Instrument\Flute</Filter>
    </ClCompile>
    <ClCompile Include="Horn.cpp">
      <Filter>Hope\Instrument\Horn</Filter>
    </ClCompile>
    <ClCompile Include="Controller.cpp">
      <Filter>Hope\Controller</Filter>
    </ClCompile>
    <ClCompile Include="OnScreen.cpp">
      <Filter>Hope\Controller\On-Screen</Filter>
    </ClCompile>
    <ClCompile Include="MusicPlayer.cpp">
      <Filter>Hope\Music Player</Filter>
    </ClCompile>
    <ClCompile Include="FileManager.cpp">
      <Filter>Hope\FileManager</Filter>
    </ClCompile>
  </ItemGroup>
  <ItemGroup>
    <ClInclude Include="stdafx.h">
      <Filter>Header Files</Filter>
    </ClInclude>
    <ClInclude Include="GeneratedFiles\ui_leaf.h">
      <Filter>Generated Files</Filter>
    </ClInclude>
    <ClInclude Include="GeneratedFiles\ui_about.h">
      <Filter>Generated Files</Filter>
    </ClInclude>
    <ClInclude Include="GeneratedFiles\ui_preference.h">
      <Filter>Generated Files</Filter>
    </ClInclude>
    <ClInclude Include="Instrument.h">
      <Filter>Hope\Instrument</Filter>
    </ClInclude>
    <ClInclude Include="Bell.h">
      <Filter>Hope\Instrument\Bell</Filter>
    </ClInclude>
    <ClInclude Include="Flute.h">
      <Filter>Hope\Instrument\Flute</Filter>
    </ClInclude>
    <ClInclude Include="Horn.h">
      <Filter>Hope\Instrument\Horn</Filter>
    </ClInclude>
    <ClInclude Include="Controller.h">
      <Filter>Hope\Controller</Filter>
    </ClInclude>
    <ClInclude Include="OnScreen.h">
      <Filter>Hope\Controller\On-Screen</Filter>
    </ClInclude>
    <ClInclude Include="MusicPlayer.h">
      <Filter>Hope\Music Player</Filter>
    </ClInclude>
    <ClInclude Include="FileManager.h">
      <Filter>Hope\FileManager</Filter>
    </ClInclude>
  </ItemGroup>
  <ItemGroup>
    <CustomBuild Include="leaf.h">
      <Filter>Header Files</Filter>
    </CustomBuild>
    <CustomBuild Include="leaf.ui">
      <Filter>Form Files</Filter>
    </CustomBuild>
    <CustomBuild Include="leaf.qrc">
      <Filter>Resource Files</Filter>
    </CustomBuild>
    <CustomBuild Include="about.h">
      <Filter>Header Files</Filter>
    </CustomBuild>
    <CustomBuild Include="about.ui">
      <Filter>Form Files</Filter>
    </CustomBuild>
    <CustomBuild Include="preference.h">
      <Filter>Header Files</Filter>
    </CustomBuild>
    <CustomBuild Include="preference.ui">
      <Filter>Form Files</Filter>
    </CustomBuild>
  </ItemGroup>
</Project>