<?xml version="1.0" encoding="utf-8"?>
<Project ToolsVersion="4.0" xmlns="http://schemas.microsoft.com/developer/msbuild/2003">
  <ItemGroup>
    <Filter Include="Source Files">
      <UniqueIdentifier>{4FC737F1-C7A5-4376-A066-2A32D752A2FF}</UniqueIdentifier>
      <Extensions>cpp;cxx;c;def</Extensions>
    </Filter>
    <Filter Include="Header Files">
      <UniqueIdentifier>{93995380-89BD-4b04-88EB-625FBE52EBFB}</UniqueIdentifier>
      <Extensions>h</Extensions>
    </Filter>
    <Filter Include="Form Files">
      <UniqueIdentifier>{99349809-55BA-4b9d-BF79-8FDBB0286EB3}</UniqueIdentifier>
      <Extensions>ui</Extensions>
    </Filter>
    <Filter Include="Resource Files">
      <UniqueIdentifier>{D9D6E242-F8AF-46E4-B9FD-80ECBC20BA3E}</UniqueIdentifier>
      <Extensions>qrc;*</Extensions>
      <ParseFiles>false</ParseFiles>
    </Filter>
    <Filter Include="Generated Files">
      <UniqueIdentifier>{71ED8ED8-ACB9-4CE9-BBE1-E00B30144E11}</UniqueIdentifier>
      <Extensions>moc;h;cpp</Extensions>
      <SourceControlFiles>False</SourceControlFiles>
    </Filter>
    <Filter Include="Generated Files\Debug">
      <UniqueIdentifier>{2f4ab02d-4521-4e69-ad20-df9a28c8ef3a}</UniqueIdentifier>
      <Extensions>cpp;moc</Extensions>
      <SourceControlFiles>False</SourceControlFiles>
    </Filter>
    <Filter Include="Generated Files\Release">
      <UniqueIdentifier>{77128619-d965-495f-9bd7-9f45c0b135d3}</UniqueIdentifier>
      <Extensions>cpp;moc</Extensions>
      <SourceControlFiles>False</SourceControlFiles>
    </Filter>
    <Filter Include="GUI">
      <UniqueIdentifier>{aec89622-a526-4e2b-b646-7cb0c0962757}</UniqueIdentifier>
    </Filter>
    <Filter Include="GUI\About">
      <UniqueIdentifier>{462353cb-27df-42e0-be74-7f446f3af09e}</UniqueIdentifier>
    </Filter>
    <Filter Include="GUI\Leaf">
      <UniqueIdentifier>{affbaef5-95c4-4706-a4bb-c7c68a3fbd8b}</UniqueIdentifier>
    </Filter>
    <Filter Include="GUI\Preference">
      <UniqueIdentifier>{19ee8114-3b65-4119-84d8-9e9e4e116d7e}</UniqueIdentifier>
    </Filter>
    <Filter Include="Music">
      <UniqueIdentifier>{63b4c52a-3030-47b7-b408-aa77a277c492}</UniqueIdentifier>
    </Filter>
    <Filter Include="File Manager">
      <UniqueIdentifier>{402665ac-c527-4fca-a99c-4665ed8bb244}</UniqueIdentifier>
    </Filter>
    <Filter Include="Music\Music Player">
      <UniqueIdentifier>{c148e1de-b1b5-4dc4-b65a-09fe9f4676f9}</UniqueIdentifier>
    </Filter>
    <Filter Include="Music\Instruments">
      <UniqueIdentifier>{26ad0ff3-153c-4797-b802-b868088116b2}</UniqueIdentifier>
    </Filter>
    <Filter Include="Music\Controller">
      <UniqueIdentifier>{4d26ad0f-efe6-459a-bebd-0b1a66e87e49}</UniqueIdentifier>
    </Filter>
    <Filter Include="Music\Controller\On-Screen">
      <UniqueIdentifier>{38b8318a-989a-4cdb-b8b9-ec24cf6f4822}</UniqueIdentifier>
    </Filter>
    <Filter Include="Music\Instruments\Flute">
      <UniqueIdentifier>{8dbc1f9a-4625-45ea-9e1c-d0283716e63b}</UniqueIdentifier>
    </Filter>
  </ItemGroup>
  <ItemGroup>
    <ClCompile Include="stdafx.cpp">
      <Filter>Source Files</Filter>
    </ClCompile>
    <ClCompile Include="main.cpp">
      <Filter>Source Files</Filter>
    </ClCompile>
    <ClCompile Include="GeneratedFiles\Debug\moc_leaf.cpp">
      <Filter>Generated Files\Debug</Filter>
    </ClCompile>
    <ClCompile Include="GeneratedFiles\Release\moc_leaf.cpp">
      <Filter>Generated Files\Release</Filter>
    </ClCompile>
    <ClCompile Include="GeneratedFiles\qrc_leaf.cpp">
      <Filter>Generated Files</Filter>
    </ClCompile>
    <ClCompile Include="GeneratedFiles\Debug\moc_about.cpp">
      <Filter>Generated Files\Debug</Filter>
    </ClCompile>
    <ClCompile Include="GeneratedFiles\Release\moc_about.cpp">
      <Filter>Generated Files\Release</Filter>
    </ClCompile>
    <ClCompile Include="GeneratedFiles\Debug\moc_preference.cpp">
      <Filter>Generated Files\Debug</Filter>
    </ClCompile>
    <ClCompile Include="GeneratedFiles\Release\moc_preference.cpp">
      <Filter>Generated Files\Release</Filter>
    </ClCompile>
    <ClCompile Include="about.cpp">
      <Filter>GUI\About</Filter>
    </ClCompile>
    <ClCompile Include="leaf.cpp">
      <Filter>GUI\Leaf</Filter>
    </ClCompile>
    <ClCompile Include="preference.cpp">
      <Filter>GUI\Preference</Filter>
    </ClCompile>
    <ClCompile Include="GeneratedFiles\Debug\moc_MusicPlayer.cpp">
      <Filter>Generated Files\Debug</Filter>
    </ClCompile>
    <ClCompile Include="GeneratedFiles\Release\moc_MusicPlayer.cpp">
      <Filter>Generated Files\Release</Filter>
    </ClCompile>
    <ClCompile Include="FileManager.cpp">
      <Filter>File Manager</Filter>
    </ClCompile>
    <ClCompile Include="MusicPlayer.cpp">
      <Filter>Music\Music Player</Filter>
    </ClCompile>
    <ClCompile Include="Instrument.cpp">
      <Filter>Music\Instruments</Filter>
    </ClCompile>
    <ClCompile Include="Controller.cpp">
      <Filter>Music\Controller</Filter>
    </ClCompile>
    <ClCompile Include="OnScreen.cpp">
      <Filter>Music\Controller\On-Screen</Filter>
    </ClCompile>
    <ClCompile Include="Flute.cpp">
      <Filter>Music\Instruments\Flute</Filter>
    </ClCompile>
  </ItemGroup>
  <ItemGroup>
    <ClInclude Include="stdafx.h">
      <Filter>Header Files</Filter>
    </ClInclude>
    <ClInclude Include="GeneratedFiles\ui_leaf.h">
      <Filter>Generated Files</Filter>
    </ClInclude>
    <ClInclude Include="GeneratedFiles\ui_about.h">
      <Filter>Generated Files</Filter>
    </ClInclude>
    <ClInclude Include="GeneratedFiles\ui_preference.h">
      <Filter>Generated Files</Filter>
    </ClInclude>
    <ClInclude Include="FileManager.h">
      <Filter>File Manager</Filter>
    </ClInclude>
    <ClInclude Include="Instrument.h">
      <Filter>Music\Instruments</Filter>
    </ClInclude>
    <ClInclude Include="Controller.h">
      <Filter>Music\Controller</Filter>
    </ClInclude>
    <ClInclude Include="OnScreen.h">
      <Filter>Music\Controller\On-Screen</Filter>
    </ClInclude>
    <ClInclude Include="Flute.h">
      <Filter>Music\Instruments\Flute</Filter>
    </ClInclude>
  </ItemGroup>
  <ItemGroup>
    <CustomBuild Include="leaf.ui">
      <Filter>Form Files</Filter>
    </CustomBuild>
    <CustomBuild Include="leaf.qrc">
      <Filter>Resource Files</Filter>
    </CustomBuild>
    <CustomBuild Include="about.ui">
      <Filter>Form Files</Filter>
    </CustomBuild>
    <CustomBuild Include="preference.ui">
      <Filter>Form Files</Filter>
    </CustomBuild>
    <CustomBuild Include="leaf.h">
      <Filter>GUI\Leaf</Filter>
    </CustomBuild>
    <CustomBuild Include="about.h">
      <Filter>GUI\About</Filter>
    </CustomBuild>
    <CustomBuild Include="preference.h">
      <Filter>GUI\Preference</Filter>
    </CustomBuild>
    <CustomBuild Include="MusicPlayer.h">
      <Filter>Music\Music Player</Filter>
    </CustomBuild>
  </ItemGroup>
</Project>